// !$*UTF8*$!
{
	archiveVersion = 1;
	classes = {
	};
	objectVersion = 50;
	objects = {

/* Begin PBXBuildFile section */
		9439D4632639BD1B00339E7E /* AddTaskViewController.swift in Sources */ = {isa = PBXBuildFile; fileRef = 9439D4622639BD1B00339E7E /* AddTaskViewController.swift */; };
		9439D4672639BD5B00339E7E /* MainScreenProtocol.swift in Sources */ = {isa = PBXBuildFile; fileRef = 9439D4662639BD5B00339E7E /* MainScreenProtocol.swift */; };
		9450EEC82638FA280028A178 /* FogleStatus.swift in Sources */ = {isa = PBXBuildFile; fileRef = 9450EEC72638FA280028A178 /* FogleStatus.swift */; };
		9450EECD2638FB050028A178 /* FogleModel.swift in Sources */ = {isa = PBXBuildFile; fileRef = 9450EECC2638FB050028A178 /* FogleModel.swift */; };
		94849F302638562500F2F1E5 /* FogleDB.swift in Sources */ = {isa = PBXBuildFile; fileRef = 94849F2F2638562500F2F1E5 /* FogleDB.swift */; };
		B08693722636F20B00961BDA /* AppDelegate.swift in Sources */ = {isa = PBXBuildFile; fileRef = B08693712636F20B00961BDA /* AppDelegate.swift */; };
		B08693742636F20B00961BDA /* SceneDelegate.swift in Sources */ = {isa = PBXBuildFile; fileRef = B08693732636F20B00961BDA /* SceneDelegate.swift */; };
		B08693762636F20B00961BDA /* ViewController.swift in Sources */ = {isa = PBXBuildFile; fileRef = B08693752636F20B00961BDA /* ViewController.swift */; };
		B08693792636F20B00961BDA /* Main.storyboard in Resources */ = {isa = PBXBuildFile; fileRef = B08693772636F20B00961BDA /* Main.storyboard */; };
		B086937C2636F20B00961BDA /* Togle_App.xcdatamodeld in Sources */ = {isa = PBXBuildFile; fileRef = B086937A2636F20B00961BDA /* Togle_App.xcdatamodeld */; };
		B086937E2636F20C00961BDA /* Assets.xcassets in Resources */ = {isa = PBXBuildFile; fileRef = B086937D2636F20C00961BDA /* Assets.xcassets */; };
		B08693812636F20C00961BDA /* LaunchScreen.storyboard in Resources */ = {isa = PBXBuildFile; fileRef = B086937F2636F20C00961BDA /* LaunchScreen.storyboard */; };
		B0E1F6F2263955A000FAB8AC /* ItemTableViewCell.swift in Sources */ = {isa = PBXBuildFile; fileRef = B0E1F6F0263955A000FAB8AC /* ItemTableViewCell.swift */; };
		B0E1F6F3263955A000FAB8AC /* ItemTableViewCell.xib in Resources */ = {isa = PBXBuildFile; fileRef = B0E1F6F1263955A000FAB8AC /* ItemTableViewCell.xib */; };
		B0E1F7002639B9AE00FAB8AC /* BadgesViewController.swift in Sources */ = {isa = PBXBuildFile; fileRef = B0E1F6FF2639B9AE00FAB8AC /* BadgesViewController.swift */; };
/* End PBXBuildFile section */

/* Begin PBXFileReference section */
		9439D4622639BD1B00339E7E /* AddTaskViewController.swift */ = {isa = PBXFileReference; lastKnownFileType = sourcecode.swift; path = AddTaskViewController.swift; sourceTree = "<group>"; };
		9439D4662639BD5B00339E7E /* MainScreenProtocol.swift */ = {isa = PBXFileReference; lastKnownFileType = sourcecode.swift; path = MainScreenProtocol.swift; sourceTree = "<group>"; };
		9450EEC72638FA280028A178 /* FogleStatus.swift */ = {isa = PBXFileReference; lastKnownFileType = sourcecode.swift; path = FogleStatus.swift; sourceTree = "<group>"; };
		9450EECC2638FB050028A178 /* FogleModel.swift */ = {isa = PBXFileReference; lastKnownFileType = sourcecode.swift; path = FogleModel.swift; sourceTree = "<group>"; };
		94849F2F2638562500F2F1E5 /* FogleDB.swift */ = {isa = PBXFileReference; lastKnownFileType = sourcecode.swift; path = FogleDB.swift; sourceTree = "<group>"; };
		B086936E2636F20B00961BDA /* Togle App.app */ = {isa = PBXFileReference; explicitFileType = wrapper.application; includeInIndex = 0; path = "Togle App.app"; sourceTree = BUILT_PRODUCTS_DIR; };
		B08693712636F20B00961BDA /* AppDelegate.swift */ = {isa = PBXFileReference; lastKnownFileType = sourcecode.swift; path = AppDelegate.swift; sourceTree = "<group>"; };
		B08693732636F20B00961BDA /* SceneDelegate.swift */ = {isa = PBXFileReference; lastKnownFileType = sourcecode.swift; path = SceneDelegate.swift; sourceTree = "<group>"; };
		B08693752636F20B00961BDA /* ViewController.swift */ = {isa = PBXFileReference; lastKnownFileType = sourcecode.swift; path = ViewController.swift; sourceTree = "<group>"; };
		B08693782636F20B00961BDA /* Base */ = {isa = PBXFileReference; lastKnownFileType = file.storyboard; name = Base; path = Base.lproj/Main.storyboard; sourceTree = "<group>"; };
		B086937B2636F20B00961BDA /* Togle_App.xcdatamodel */ = {isa = PBXFileReference; lastKnownFileType = wrapper.xcdatamodel; path = Togle_App.xcdatamodel; sourceTree = "<group>"; };
		B086937D2636F20C00961BDA /* Assets.xcassets */ = {isa = PBXFileReference; lastKnownFileType = folder.assetcatalog; path = Assets.xcassets; sourceTree = "<group>"; };
		B08693802636F20C00961BDA /* Base */ = {isa = PBXFileReference; lastKnownFileType = file.storyboard; name = Base; path = Base.lproj/LaunchScreen.storyboard; sourceTree = "<group>"; };
		B08693822636F20C00961BDA /* Info.plist */ = {isa = PBXFileReference; lastKnownFileType = text.plist.xml; path = Info.plist; sourceTree = "<group>"; };
		B0E1F6F0263955A000FAB8AC /* ItemTableViewCell.swift */ = {isa = PBXFileReference; lastKnownFileType = sourcecode.swift; path = ItemTableViewCell.swift; sourceTree = "<group>"; };
		B0E1F6F1263955A000FAB8AC /* ItemTableViewCell.xib */ = {isa = PBXFileReference; lastKnownFileType = file.xib; path = ItemTableViewCell.xib; sourceTree = "<group>"; };
		B0E1F6FF2639B9AE00FAB8AC /* BadgesViewController.swift */ = {isa = PBXFileReference; lastKnownFileType = sourcecode.swift; path = BadgesViewController.swift; sourceTree = "<group>"; };
/* End PBXFileReference section */

/* Begin PBXFrameworksBuildPhase section */
		B086936B2636F20B00961BDA /* Frameworks */ = {
			isa = PBXFrameworksBuildPhase;
			buildActionMask = 2147483647;
			files = (
			);
			runOnlyForDeploymentPostprocessing = 0;
		};
/* End PBXFrameworksBuildPhase section */

/* Begin PBXGroup section */
		9439D4652639BD4F00339E7E /* Protocol */ = {
			isa = PBXGroup;
			children = (
				9439D4662639BD5B00339E7E /* MainScreenProtocol.swift */,
			);
			name = Protocol;
			sourceTree = "<group>";
		};
		9450EEC62638FA130028A178 /* Enum */ = {
			isa = PBXGroup;
			children = (
				9450EEC72638FA280028A178 /* FogleStatus.swift */,
			);
			name = Enum;
			sourceTree = "<group>";
		};
		9450EECB2638FAFA0028A178 /* Model */ = {
			isa = PBXGroup;
			children = (
				9450EECC2638FB050028A178 /* FogleModel.swift */,
			);
			name = Model;
			sourceTree = "<group>";
		};
		94849F2E2638561000F2F1E5 /* Persistance */ = {
			isa = PBXGroup;
			children = (
				94849F2F2638562500F2F1E5 /* FogleDB.swift */,
			);
			name = Persistance;
			sourceTree = "<group>";
		};
		B08693652636F20B00961BDA = {
			isa = PBXGroup;
			children = (
				B08693702636F20B00961BDA /* Togle App */,
				B086936F2636F20B00961BDA /* Products */,
			);
			sourceTree = "<group>";
		};
		B086936F2636F20B00961BDA /* Products */ = {
			isa = PBXGroup;
			children = (
				B086936E2636F20B00961BDA /* Togle App.app */,
			);
			name = Products;
			sourceTree = "<group>";
		};
		B08693702636F20B00961BDA /* Togle App */ = {
			isa = PBXGroup;
			children = (
				9439D4652639BD4F00339E7E /* Protocol */,
				B0E1F6EF2639556C00FAB8AC /* Items Cell */,
				9450EECB2638FAFA0028A178 /* Model */,
				9450EEC62638FA130028A178 /* Enum */,
				94849F2E2638561000F2F1E5 /* Persistance */,
				B086938A2636F23F00961BDA /* Delegate */,
				B086938C2636F25D00961BDA /* Controller */,
				B086938B2636F25200961BDA /* Storyboard */,
				B086937D2636F20C00961BDA /* Assets.xcassets */,
				B086937F2636F20C00961BDA /* LaunchScreen.storyboard */,
				B08693822636F20C00961BDA /* Info.plist */,
				B086937A2636F20B00961BDA /* Togle_App.xcdatamodeld */,
			);
			path = "Togle App";
			sourceTree = "<group>";
		};
		B086938A2636F23F00961BDA /* Delegate */ = {
			isa = PBXGroup;
			children = (
				B08693712636F20B00961BDA /* AppDelegate.swift */,
				B08693732636F20B00961BDA /* SceneDelegate.swift */,
			);
			name = Delegate;
			sourceTree = "<group>";
		};
		B086938B2636F25200961BDA /* Storyboard */ = {
			isa = PBXGroup;
			children = (
				B08693772636F20B00961BDA /* Main.storyboard */,
			);
			path = Storyboard;
			sourceTree = "<group>";
		};
		B086938C2636F25D00961BDA /* Controller */ = {
			isa = PBXGroup;
			children = (
				B08693752636F20B00961BDA /* ViewController.swift */,
				9439D4622639BD1B00339E7E /* AddTaskViewController.swift */,
				B0E1F6FF2639B9AE00FAB8AC /* BadgesViewController.swift */,
			);
			name = Controller;
			sourceTree = "<group>";
		};
		B0E1F6EF2639556C00FAB8AC /* Items Cell */ = {
			isa = PBXGroup;
			children = (
				B0E1F6FC2639B45C00FAB8AC /* bad */,
				B0E1F6FB2639B45100FAB8AC /* segmentation */,
				B0E1F6F0263955A000FAB8AC /* ItemTableViewCell.swift */,
				B0E1F6F1263955A000FAB8AC /* ItemTableViewCell.xib */,
			);
			name = "Items Cell";
			sourceTree = "<group>";
		};
		B0E1F6FB2639B45100FAB8AC /* segmentation */ = {
			isa = PBXGroup;
			children = (
			);
			name = segmentation;
			sourceTree = "<group>";
		};
		B0E1F6FC2639B45C00FAB8AC /* bad */ = {
			isa = PBXGroup;
			children = (
			);
			name = bad;
			sourceTree = "<group>";
		};
/* End PBXGroup section */

/* Begin PBXNativeTarget section */
		B086936D2636F20B00961BDA /* Togle App */ = {
			isa = PBXNativeTarget;
			buildConfigurationList = B08693852636F20C00961BDA /* Build configuration list for PBXNativeTarget "Togle App" */;
			buildPhases = (
				B086936A2636F20B00961BDA /* Sources */,
				B086936B2636F20B00961BDA /* Frameworks */,
				B086936C2636F20B00961BDA /* Resources */,
			);
			buildRules = (
			);
			dependencies = (
			);
			name = "Togle App";
			productName = "Togle App";
			productReference = B086936E2636F20B00961BDA /* Togle App.app */;
			productType = "com.apple.product-type.application";
		};
/* End PBXNativeTarget section */

/* Begin PBXProject section */
		B08693662636F20B00961BDA /* Project object */ = {
			isa = PBXProject;
			attributes = {
				LastSwiftUpdateCheck = 1240;
				LastUpgradeCheck = 1240;
				TargetAttributes = {
					B086936D2636F20B00961BDA = {
						CreatedOnToolsVersion = 12.4;
					};
				};
			};
			buildConfigurationList = B08693692636F20B00961BDA /* Build configuration list for PBXProject "Togle App" */;
			compatibilityVersion = "Xcode 9.3";
			developmentRegion = en;
			hasScannedForEncodings = 0;
			knownRegions = (
				en,
				Base,
			);
			mainGroup = B08693652636F20B00961BDA;
			productRefGroup = B086936F2636F20B00961BDA /* Products */;
			projectDirPath = "";
			projectRoot = "";
			targets = (
				B086936D2636F20B00961BDA /* Togle App */,
			);
		};
/* End PBXProject section */

/* Begin PBXResourcesBuildPhase section */
		B086936C2636F20B00961BDA /* Resources */ = {
			isa = PBXResourcesBuildPhase;
			buildActionMask = 2147483647;
			files = (
				B08693812636F20C00961BDA /* LaunchScreen.storyboard in Resources */,
				B086937E2636F20C00961BDA /* Assets.xcassets in Resources */,
				B0E1F6F3263955A000FAB8AC /* ItemTableViewCell.xib in Resources */,
				B08693792636F20B00961BDA /* Main.storyboard in Resources */,
			);
			runOnlyForDeploymentPostprocessing = 0;
		};
/* End PBXResourcesBuildPhase section */

/* Begin PBXSourcesBuildPhase section */
		B086936A2636F20B00961BDA /* Sources */ = {
			isa = PBXSourcesBuildPhase;
			buildActionMask = 2147483647;
			files = (
				B0E1F6F2263955A000FAB8AC /* ItemTableViewCell.swift in Sources */,
				B0E1F7002639B9AE00FAB8AC /* BadgesViewController.swift in Sources */,
				B08693762636F20B00961BDA /* ViewController.swift in Sources */,
				9439D4632639BD1B00339E7E /* AddTaskViewController.swift in Sources */,
				94849F302638562500F2F1E5 /* FogleDB.swift in Sources */,
				9450EECD2638FB050028A178 /* FogleModel.swift in Sources */,
				B086937C2636F20B00961BDA /* Togle_App.xcdatamodeld in Sources */,
				9450EEC82638FA280028A178 /* FogleStatus.swift in Sources */,
				9439D4672639BD5B00339E7E /* MainScreenProtocol.swift in Sources */,
				B08693722636F20B00961BDA /* AppDelegate.swift in Sources */,
				B08693742636F20B00961BDA /* SceneDelegate.swift in Sources */,
			);
			runOnlyForDeploymentPostprocessing = 0;
		};
/* End PBXSourcesBuildPhase section */

/* Begin PBXVariantGroup section */
		B08693772636F20B00961BDA /* Main.storyboard */ = {
			isa = PBXVariantGroup;
			children = (
				B08693782636F20B00961BDA /* Base */,
			);
			name = Main.storyboard;
			sourceTree = "<group>";
		};
		B086937F2636F20C00961BDA /* LaunchScreen.storyboard */ = {
			isa = PBXVariantGroup;
			children = (
				B08693802636F20C00961BDA /* Base */,
			);
			name = LaunchScreen.storyboard;
			sourceTree = "<group>";
		};
/* End PBXVariantGroup section */

/* Begin XCBuildConfiguration section */
		B08693832636F20C00961BDA /* Debug */ = {
			isa = XCBuildConfiguration;
			buildSettings = {
				ALWAYS_SEARCH_USER_PATHS = NO;
				CLANG_ANALYZER_NONNULL = YES;
				CLANG_ANALYZER_NUMBER_OBJECT_CONVERSION = YES_AGGRESSIVE;
				CLANG_CXX_LANGUAGE_STANDARD = "gnu++14";
				CLANG_CXX_LIBRARY = "libc++";
				CLANG_ENABLE_MODULES = YES;
				CLANG_ENABLE_OBJC_ARC = YES;
				CLANG_ENABLE_OBJC_WEAK = YES;
				CLANG_WARN_BLOCK_CAPTURE_AUTORELEASING = YES;
				CLANG_WARN_BOOL_CONVERSION = YES;
				CLANG_WARN_COMMA = YES;
				CLANG_WARN_CONSTANT_CONVERSION = YES;
				CLANG_WARN_DEPRECATED_OBJC_IMPLEMENTATIONS = YES;
				CLANG_WARN_DIRECT_OBJC_ISA_USAGE = YES_ERROR;
				CLANG_WARN_DOCUMENTATION_COMMENTS = YES;
				CLANG_WARN_EMPTY_BODY = YES;
				CLANG_WARN_ENUM_CONVERSION = YES;
				CLANG_WARN_INFINITE_RECURSION = YES;
				CLANG_WARN_INT_CONVERSION = YES;
				CLANG_WARN_NON_LITERAL_NULL_CONVERSION = YES;
				CLANG_WARN_OBJC_IMPLICIT_RETAIN_SELF = YES;
				CLANG_WARN_OBJC_LITERAL_CONVERSION = YES;
				CLANG_WARN_OBJC_ROOT_CLASS = YES_ERROR;
				CLANG_WARN_QUOTED_INCLUDE_IN_FRAMEWORK_HEADER = YES;
				CLANG_WARN_RANGE_LOOP_ANALYSIS = YES;
				CLANG_WARN_STRICT_PROTOTYPES = YES;
				CLANG_WARN_SUSPICIOUS_MOVE = YES;
				CLANG_WARN_UNGUARDED_AVAILABILITY = YES_AGGRESSIVE;
				CLANG_WARN_UNREACHABLE_CODE = YES;
				CLANG_WARN__DUPLICATE_METHOD_MATCH = YES;
				COPY_PHASE_STRIP = NO;
				DEBUG_INFORMATION_FORMAT = dwarf;
				ENABLE_STRICT_OBJC_MSGSEND = YES;
				ENABLE_TESTABILITY = YES;
				GCC_C_LANGUAGE_STANDARD = gnu11;
				GCC_DYNAMIC_NO_PIC = NO;
				GCC_NO_COMMON_BLOCKS = YES;
				GCC_OPTIMIZATION_LEVEL = 0;
				GCC_PREPROCESSOR_DEFINITIONS = (
					"DEBUG=1",
					"$(inherited)",
				);
				GCC_WARN_64_TO_32_BIT_CONVERSION = YES;
				GCC_WARN_ABOUT_RETURN_TYPE = YES_ERROR;
				GCC_WARN_UNDECLARED_SELECTOR = YES;
				GCC_WARN_UNINITIALIZED_AUTOS = YES_AGGRESSIVE;
				GCC_WARN_UNUSED_FUNCTION = YES;
				GCC_WARN_UNUSED_VARIABLE = YES;
				IPHONEOS_DEPLOYMENT_TARGET = 14.4;
				MTL_ENABLE_DEBUG_INFO = INCLUDE_SOURCE;
				MTL_FAST_MATH = YES;
				ONLY_ACTIVE_ARCH = YES;
				SDKROOT = iphoneos;
				SWIFT_ACTIVE_COMPILATION_CONDITIONS = DEBUG;
				SWIFT_OPTIMIZATION_LEVEL = "-Onone";
			};
			name = Debug;
		};
		B08693842636F20C00961BDA /* Release */ = {
			isa = XCBuildConfiguration;
			buildSettings = {
				ALWAYS_SEARCH_USER_PATHS = NO;
				CLANG_ANALYZER_NONNULL = YES;
				CLANG_ANALYZER_NUMBER_OBJECT_CONVERSION = YES_AGGRESSIVE;
				CLANG_CXX_LANGUAGE_STANDARD = "gnu++14";
				CLANG_CXX_LIBRARY = "libc++";
				CLANG_ENABLE_MODULES = YES;
				CLANG_ENABLE_OBJC_ARC = YES;
				CLANG_ENABLE_OBJC_WEAK = YES;
				CLANG_WARN_BLOCK_CAPTURE_AUTORELEASING = YES;
				CLANG_WARN_BOOL_CONVERSION = YES;
				CLANG_WARN_COMMA = YES;
				CLANG_WARN_CONSTANT_CONVERSION = YES;
				CLANG_WARN_DEPRECATED_OBJC_IMPLEMENTATIONS = YES;
				CLANG_WARN_DIRECT_OBJC_ISA_USAGE = YES_ERROR;
				CLANG_WARN_DOCUMENTATION_COMMENTS = YES;
				CLANG_WARN_EMPTY_BODY = YES;
				CLANG_WARN_ENUM_CONVERSION = YES;
				CLANG_WARN_INFINITE_RECURSION = YES;
				CLANG_WARN_INT_CONVERSION = YES;
				CLANG_WARN_NON_LITERAL_NULL_CONVERSION = YES;
				CLANG_WARN_OBJC_IMPLICIT_RETAIN_SELF = YES;
				CLANG_WARN_OBJC_LITERAL_CONVERSION = YES;
				CLANG_WARN_OBJC_ROOT_CLASS = YES_ERROR;
				CLANG_WARN_QUOTED_INCLUDE_IN_FRAMEWORK_HEADER = YES;
				CLANG_WARN_RANGE_LOOP_ANALYSIS = YES;
				CLANG_WARN_STRICT_PROTOTYPES = YES;
				CLANG_WARN_SUSPICIOUS_MOVE = YES;
				CLANG_WARN_UNGUARDED_AVAILABILITY = YES_AGGRESSIVE;
				CLANG_WARN_UNREACHABLE_CODE = YES;
				CLANG_WARN__DUPLICATE_METHOD_MATCH = YES;
				COPY_PHASE_STRIP = NO;
				DEBUG_INFORMATION_FORMAT = "dwarf-with-dsym";
				ENABLE_NS_ASSERTIONS = NO;
				ENABLE_STRICT_OBJC_MSGSEND = YES;
				GCC_C_LANGUAGE_STANDARD = gnu11;
				GCC_NO_COMMON_BLOCKS = YES;
				GCC_WARN_64_TO_32_BIT_CONVERSION = YES;
				GCC_WARN_ABOUT_RETURN_TYPE = YES_ERROR;
				GCC_WARN_UNDECLARED_SELECTOR = YES;
				GCC_WARN_UNINITIALIZED_AUTOS = YES_AGGRESSIVE;
				GCC_WARN_UNUSED_FUNCTION = YES;
				GCC_WARN_UNUSED_VARIABLE = YES;
				IPHONEOS_DEPLOYMENT_TARGET = 14.4;
				MTL_ENABLE_DEBUG_INFO = NO;
				MTL_FAST_MATH = YES;
				SDKROOT = iphoneos;
				SWIFT_COMPILATION_MODE = wholemodule;
				SWIFT_OPTIMIZATION_LEVEL = "-O";
				VALIDATE_PRODUCT = YES;
			};
			name = Release;
		};
		B08693862636F20C00961BDA /* Debug */ = {
			isa = XCBuildConfiguration;
			buildSettings = {
				ASSETCATALOG_COMPILER_APPICON_NAME = AppIcon;
				ASSETCATALOG_COMPILER_GLOBAL_ACCENT_COLOR_NAME = AccentColor;
				CODE_SIGN_STYLE = Automatic;
				DEVELOPMENT_TEAM = BTP3P5U2W5;
				INFOPLIST_FILE = "Togle App/Info.plist";
				LD_RUNPATH_SEARCH_PATHS = (
					"$(inherited)",
					"@executable_path/Frameworks",
				);
				PRODUCT_BUNDLE_IDENTIFIER = "infinite.learning.Togle-App";
				PRODUCT_NAME = "$(TARGET_NAME)";
				SWIFT_VERSION = 5.0;
				TARGETED_DEVICE_FAMILY = 1;
			};
			name = Debug;
		};
		B08693872636F20C00961BDA /* Release */ = {
			isa = XCBuildConfiguration;
			buildSettings = {
				ASSETCATALOG_COMPILER_APPICON_NAME = AppIcon;
				ASSETCATALOG_COMPILER_GLOBAL_ACCENT_COLOR_NAME = AccentColor;
				CODE_SIGN_STYLE = Automatic;
				DEVELOPMENT_TEAM = BTP3P5U2W5;
				INFOPLIST_FILE = "Togle App/Info.plist";
				LD_RUNPATH_SEARCH_PATHS = (
					"$(inherited)",
					"@executable_path/Frameworks",
				);
				PRODUCT_BUNDLE_IDENTIFIER = "infinite.learning.Togle-App";
				PRODUCT_NAME = "$(TARGET_NAME)";
				SWIFT_VERSION = 5.0;
				TARGETED_DEVICE_FAMILY = 1;
			};
			name = Release;
		};
/* End XCBuildConfiguration section */

/* Begin XCConfigurationList section */
		B08693692636F20B00961BDA /* Build configuration list for PBXProject "Togle App" */ = {
			isa = XCConfigurationList;
			buildConfigurations = (
				B08693832636F20C00961BDA /* Debug */,
				B08693842636F20C00961BDA /* Release */,
			);
			defaultConfigurationIsVisible = 0;
			defaultConfigurationName = Release;
		};
		B08693852636F20C00961BDA /* Build configuration list for PBXNativeTarget "Togle App" */ = {
			isa = XCConfigurationList;
			buildConfigurations = (
				B08693862636F20C00961BDA /* Debug */,
				B08693872636F20C00961BDA /* Release */,
			);
			defaultConfigurationIsVisible = 0;
			defaultConfigurationName = Release;
		};
/* End XCConfigurationList section */

/* Begin XCVersionGroup section */
		B086937A2636F20B00961BDA /* Togle_App.xcdatamodeld */ = {
			isa = XCVersionGroup;
			children = (
				B086937B2636F20B00961BDA /* Togle_App.xcdatamodel */,
			);
			currentVersion = B086937B2636F20B00961BDA /* Togle_App.xcdatamodel */;
			path = Togle_App.xcdatamodeld;
			sourceTree = "<group>";
			versionGroupType = wrapper.xcdatamodel;
		};
/* End XCVersionGroup section */
	};
	rootObject = B08693662636F20B00961BDA /* Project object */;
}
